
Microsoft Visual Studio Solution File, Format Version 12.00
# Visual Studio Version 17
VisualStudioVersion = 17.0.32126.317
MinimumVisualStudioVersion = 10.0.40219.1
Project("{FAE04EC0-301F-11D3-BF4B-00C04F79EFBC}") = "assinment part (c)", "assinment part (c)\assinment part (c).csproj", "{EFA0BCA4-F581-4B3D-826F-6EBA8EF85893}"
EndProject
Global
	GlobalSection(SolutionConfigurationPlatforms) = preSolution
		Debug|Any CPU = Debug|Any CPU
		Release|Any CPU = Release|Any CPU
	EndGlobalSection
	GlobalSection(ProjectConfigurationPlatforms) = postSolution
		{EFA0BCA4-F581-4B3D-826F-6EBA8EF85893}.Debug|Any CPU.ActiveCfg = Debug|Any CPU
		{EFA0BCA4-F581-4B3D-826F-6EBA8EF85893}.Debug|Any CPU.Build.0 = Debug|Any CPU
		{EFA0BCA4-F581-4B3D-826F-6EBA8EF85893}.Release|Any CPU.ActiveCfg = Release|Any CPU
		{EFA0BCA4-F581-4B3D-826F-6EBA8EF85893}.Release|Any CPU.Build.0 = Release|Any CPU
	EndGlobalSection
	GlobalSection(SolutionProperties) = preSolution
		HideSolutionNode = FALSE
	EndGlobalSection
	GlobalSection(ExtensibilityGlobals) = postSolution
		SolutionGuid = {38810359-4E1F-47AF-A5D6-CCB61991CD23}
	EndGlobalSection
EndGlobal
